// !$*UTF8*$!
{
	archiveVersion = 1;
	classes = {
	};
	objectVersion = 46;
	objects = {

/* Begin PBXBuildFile section */
		AE1CEA491C5FD118009B23A9 /* AppDelegate.swift in Sources */ = {isa = PBXBuildFile; fileRef = AE1CEA481C5FD118009B23A9 /* AppDelegate.swift */; };
		AE1CEA4D1C5FD118009B23A9 /* GameScene.swift in Sources */ = {isa = PBXBuildFile; fileRef = AE1CEA4C1C5FD118009B23A9 /* GameScene.swift */; };
		AE1CEA4F1C5FD118009B23A9 /* GameViewController.swift in Sources */ = {isa = PBXBuildFile; fileRef = AE1CEA4E1C5FD118009B23A9 /* GameViewController.swift */; };
		AE1CEA521C5FD118009B23A9 /* Main.storyboard in Resources */ = {isa = PBXBuildFile; fileRef = AE1CEA501C5FD118009B23A9 /* Main.storyboard */; };
		AE1CEA541C5FD118009B23A9 /* Images.xcassets in Resources */ = {isa = PBXBuildFile; fileRef = AE1CEA531C5FD118009B23A9 /* Images.xcassets */; };
		AE1CEA571C5FD118009B23A9 /* LaunchScreen.xib in Resources */ = {isa = PBXBuildFile; fileRef = AE1CEA551C5FD118009B23A9 /* LaunchScreen.xib */; };
		AE1CEA631C5FD118009B23A9 /* swiftrisTests.swift in Sources */ = {isa = PBXBuildFile; fileRef = AE1CEA621C5FD118009B23A9 /* swiftrisTests.swift */; };
		AE1CEA731C5FD262009B23A9 /* Sprites.atlas in Resources */ = {isa = PBXBuildFile; fileRef = AE1CEA721C5FD262009B23A9 /* Sprites.atlas */; };
		AE1CEA751C5FD274009B23A9 /* Images in Resources */ = {isa = PBXBuildFile; fileRef = AE1CEA741C5FD274009B23A9 /* Images */; };
		AE1CEA791C5FD2CA009B23A9 /* Sounds in Resources */ = {isa = PBXBuildFile; fileRef = AE1CEA781C5FD2CA009B23A9 /* Sounds */; };
/* End PBXBuildFile section */

/* Begin PBXContainerItemProxy section */
		AE1CEA5D1C5FD118009B23A9 /* PBXContainerItemProxy */ = {
			isa = PBXContainerItemProxy;
			containerPortal = AE1CEA3B1C5FD118009B23A9 /* Project object */;
			proxyType = 1;
			remoteGlobalIDString = AE1CEA421C5FD118009B23A9;
			remoteInfo = swiftris;
		};
/* End PBXContainerItemProxy section */

/* Begin PBXFileReference section */
		AE1CEA431C5FD118009B23A9 /* swiftris.app */ = {isa = PBXFileReference; explicitFileType = wrapper.application; includeInIndex = 0; path = swiftris.app; sourceTree = BUILT_PRODUCTS_DIR; };
		AE1CEA471C5FD118009B23A9 /* Info.plist */ = {isa = PBXFileReference; lastKnownFileType = text.plist.xml; path = Info.plist; sourceTree = "<group>"; };
		AE1CEA481C5FD118009B23A9 /* AppDelegate.swift */ = {isa = PBXFileReference; lastKnownFileType = sourcecode.swift; path = AppDelegate.swift; sourceTree = "<group>"; };
		AE1CEA4C1C5FD118009B23A9 /* GameScene.swift */ = {isa = PBXFileReference; lastKnownFileType = sourcecode.swift; path = GameScene.swift; sourceTree = "<group>"; };
		AE1CEA4E1C5FD118009B23A9 /* GameViewController.swift */ = {isa = PBXFileReference; lastKnownFileType = sourcecode.swift; path = GameViewController.swift; sourceTree = "<group>"; };
		AE1CEA511C5FD118009B23A9 /* Base */ = {isa = PBXFileReference; lastKnownFileType = file.storyboard; name = Base; path = Base.lproj/Main.storyboard; sourceTree = "<group>"; };
		AE1CEA531C5FD118009B23A9 /* Images.xcassets */ = {isa = PBXFileReference; lastKnownFileType = folder.assetcatalog; path = Images.xcassets; sourceTree = "<group>"; };
		AE1CEA561C5FD118009B23A9 /* Base */ = {isa = PBXFileReference; lastKnownFileType = file.xib; name = Base; path = Base.lproj/LaunchScreen.xib; sourceTree = "<group>"; };
		AE1CEA5C1C5FD118009B23A9 /* swiftrisTests.xctest */ = {isa = PBXFileReference; explicitFileType = wrapper.cfbundle; includeInIndex = 0; path = swiftrisTests.xctest; sourceTree = BUILT_PRODUCTS_DIR; };
		AE1CEA611C5FD118009B23A9 /* Info.plist */ = {isa = PBXFileReference; lastKnownFileType = text.plist.xml; path = Info.plist; sourceTree = "<group>"; };
		AE1CEA621C5FD118009B23A9 /* swiftrisTests.swift */ = {isa = PBXFileReference; lastKnownFileType = sourcecode.swift; path = swiftrisTests.swift; sourceTree = "<group>"; };
		AE1CEA721C5FD262009B23A9 /* Sprites.atlas */ = {isa = PBXFileReference; lastKnownFileType = folder.skatlas; path = Sprites.atlas; sourceTree = "<group>"; };
		AE1CEA741C5FD274009B23A9 /* Images */ = {isa = PBXFileReference; lastKnownFileType = folder; name = Images; path = Blocs/Images; sourceTree = "<group>"; };
		AE1CEA781C5FD2CA009B23A9 /* Sounds */ = {isa = PBXFileReference; lastKnownFileType = folder; path = Sounds; sourceTree = "<group>"; };
/* End PBXFileReference section */

/* Begin PBXFrameworksBuildPhase section */
		AE1CEA401C5FD118009B23A9 /* Frameworks */ = {
			isa = PBXFrameworksBuildPhase;
			buildActionMask = 2147483647;
			files = (
			);
			runOnlyForDeploymentPostprocessing = 0;
		};
		AE1CEA591C5FD118009B23A9 /* Frameworks */ = {
			isa = PBXFrameworksBuildPhase;
			buildActionMask = 2147483647;
			files = (
			);
			runOnlyForDeploymentPostprocessing = 0;
		};
/* End PBXFrameworksBuildPhase section */

/* Begin PBXGroup section */
		AE1CEA3A1C5FD118009B23A9 = {
			isa = PBXGroup;
			children = (
				AE1CEA451C5FD118009B23A9 /* swiftris */,
				AE1CEA5F1C5FD118009B23A9 /* swiftrisTests */,
				AE1CEA441C5FD118009B23A9 /* Products */,
			);
			sourceTree = "<group>";
		};
		AE1CEA441C5FD118009B23A9 /* Products */ = {
			isa = PBXGroup;
			children = (
				AE1CEA431C5FD118009B23A9 /* swiftris.app */,
				AE1CEA5C1C5FD118009B23A9 /* swiftrisTests.xctest */,
			);
			name = Products;
			sourceTree = "<group>";
		};
		AE1CEA451C5FD118009B23A9 /* swiftris */ = {
			isa = PBXGroup;
			children = (
				AE1CEA481C5FD118009B23A9 /* AppDelegate.swift */,
				AE1CEA4C1C5FD118009B23A9 /* GameScene.swift */,
				AE1CEA4E1C5FD118009B23A9 /* GameViewController.swift */,
				AE1CEA501C5FD118009B23A9 /* Main.storyboard */,
				AE1CEA531C5FD118009B23A9 /* Images.xcassets */,
				AE1CEA551C5FD118009B23A9 /* LaunchScreen.xib */,
				AE1CEA781C5FD2CA009B23A9 /* Sounds */,
				AE1CEA721C5FD262009B23A9 /* Sprites.atlas */,
				AE1CEA461C5FD118009B23A9 /* Supporting Files */,
			);
			path = swiftris;
			sourceTree = "<group>";
		};
		AE1CEA461C5FD118009B23A9 /* Supporting Files */ = {
			isa = PBXGroup;
			children = (
				AE1CEA741C5FD274009B23A9 /* Images */,
				AE1CEA471C5FD118009B23A9 /* Info.plist */,
			);
			name = "Supporting Files";
			sourceTree = "<group>";
		};
		AE1CEA5F1C5FD118009B23A9 /* swiftrisTests */ = {
			isa = PBXGroup;
			children = (
				AE1CEA621C5FD118009B23A9 /* swiftrisTests.swift */,
				AE1CEA601C5FD118009B23A9 /* Supporting Files */,
			);
			path = swiftrisTests;
			sourceTree = "<group>";
		};
		AE1CEA601C5FD118009B23A9 /* Supporting Files */ = {
			isa = PBXGroup;
			children = (
				AE1CEA611C5FD118009B23A9 /* Info.plist */,
			);
			name = "Supporting Files";
			sourceTree = "<group>";
		};
/* End PBXGroup section */

/* Begin PBXNativeTarget section */
		AE1CEA421C5FD118009B23A9 /* swiftris */ = {
			isa = PBXNativeTarget;
			buildConfigurationList = AE1CEA661C5FD118009B23A9 /* Build configuration list for PBXNativeTarget "swiftris" */;
			buildPhases = (
				AE1CEA3F1C5FD118009B23A9 /* Sources */,
				AE1CEA401C5FD118009B23A9 /* Frameworks */,
				AE1CEA411C5FD118009B23A9 /* Resources */,
			);
			buildRules = (
			);
			dependencies = (
			);
			name = swiftris;
			productName = swiftris;
			productReference = AE1CEA431C5FD118009B23A9 /* swiftris.app */;
			productType = "com.apple.product-type.application";
		};
		AE1CEA5B1C5FD118009B23A9 /* swiftrisTests */ = {
			isa = PBXNativeTarget;
			buildConfigurationList = AE1CEA691C5FD118009B23A9 /* Build configuration list for PBXNativeTarget "swiftrisTests" */;
			buildPhases = (
				AE1CEA581C5FD118009B23A9 /* Sources */,
				AE1CEA591C5FD118009B23A9 /* Frameworks */,
				AE1CEA5A1C5FD118009B23A9 /* Resources */,
			);
			buildRules = (
			);
			dependencies = (
				AE1CEA5E1C5FD118009B23A9 /* PBXTargetDependency */,
			);
			name = swiftrisTests;
			productName = swiftrisTests;
			productReference = AE1CEA5C1C5FD118009B23A9 /* swiftrisTests.xctest */;
			productType = "com.apple.product-type.bundle.unit-test";
		};
/* End PBXNativeTarget section */

/* Begin PBXProject section */
		AE1CEA3B1C5FD118009B23A9 /* Project object */ = {
			isa = PBXProject;
			attributes = {
				LastUpgradeCheck = 0630;
				ORGANIZATIONNAME = pivotal;
				TargetAttributes = {
					AE1CEA421C5FD118009B23A9 = {
						CreatedOnToolsVersion = 6.3.1;
					};
					AE1CEA5B1C5FD118009B23A9 = {
						CreatedOnToolsVersion = 6.3.1;
						TestTargetID = AE1CEA421C5FD118009B23A9;
					};
				};
			};
			buildConfigurationList = AE1CEA3E1C5FD118009B23A9 /* Build configuration list for PBXProject "swiftris" */;
			compatibilityVersion = "Xcode 3.2";
			developmentRegion = English;
			hasScannedForEncodings = 0;
			knownRegions = (
				en,
				Base,
			);
			mainGroup = AE1CEA3A1C5FD118009B23A9;
			productRefGroup = AE1CEA441C5FD118009B23A9 /* Products */;
			projectDirPath = "";
			projectRoot = "";
			targets = (
				AE1CEA421C5FD118009B23A9 /* swiftris */,
				AE1CEA5B1C5FD118009B23A9 /* swiftrisTests */,
			);
		};
/* End PBXProject section */

/* Begin PBXResourcesBuildPhase section */
		AE1CEA411C5FD118009B23A9 /* Resources */ = {
			isa = PBXResourcesBuildPhase;
			buildActionMask = 2147483647;
			files = (
				AE1CEA791C5FD2CA009B23A9 /* Sounds in Resources */,
				AE1CEA731C5FD262009B23A9 /* Sprites.atlas in Resources */,
				AE1CEA751C5FD274009B23A9 /* Images in Resources */,
				AE1CEA571C5FD118009B23A9 /* LaunchScreen.xib in Resources */,
				AE1CEA541C5FD118009B23A9 /* Images.xcassets in Resources */,
				AE1CEA521C5FD118009B23A9 /* Main.storyboard in Resources */,
			);
			runOnlyForDeploymentPostprocessing = 0;
		};
		AE1CEA5A1C5FD118009B23A9 /* Resources */ = {
			isa = PBXResourcesBuildPhase;
			buildActionMask = 2147483647;
			files = (
			);
			runOnlyForDeploymentPostprocessing = 0;
		};
/* End PBXResourcesBuildPhase section */

/* Begin PBXSourcesBuildPhase section */
		AE1CEA3F1C5FD118009B23A9 /* Sources */ = {
			isa = PBXSourcesBuildPhase;
			buildActionMask = 2147483647;
			files = (
				AE1CEA4D1C5FD118009B23A9 /* GameScene.swift in Sources */,
				AE1CEA4F1C5FD118009B23A9 /* GameViewController.swift in Sources */,
				AE1CEA491C5FD118009B23A9 /* AppDelegate.swift in Sources */,
			);
			runOnlyForDeploymentPostprocessing = 0;
		};
		AE1CEA581C5FD118009B23A9 /* Sources */ = {
			isa = PBXSourcesBuildPhase;
			buildActionMask = 2147483647;
			files = (
				AE1CEA631C5FD118009B23A9 /* swiftrisTests.swift in Sources */,
			);
			runOnlyForDeploymentPostprocessing = 0;
		};
/* End PBXSourcesBuildPhase section */

/* Begin PBXTargetDependency section */
		AE1CEA5E1C5FD118009B23A9 /* PBXTargetDependency */ = {
			isa = PBXTargetDependency;
			target = AE1CEA421C5FD118009B23A9 /* swiftris */;
			targetProxy = AE1CEA5D1C5FD118009B23A9 /* PBXContainerItemProxy */;
		};
/* End PBXTargetDependency section */

/* Begin PBXVariantGroup section */
		AE1CEA501C5FD118009B23A9 /* Main.storyboard */ = {
			isa = PBXVariantGroup;
			children = (
				AE1CEA511C5FD118009B23A9 /* Base */,
			);
			name = Main.storyboard;
			sourceTree = "<group>";
		};
		AE1CEA551C5FD118009B23A9 /* LaunchScreen.xib */ = {
			isa = PBXVariantGroup;
			children = (
				AE1CEA561C5FD118009B23A9 /* Base */,
			);
			name = LaunchScreen.xib;
			sourceTree = "<group>";
		};
/* End PBXVariantGroup section */

/* Begin XCBuildConfiguration section */
		AE1CEA641C5FD118009B23A9 /* Debug */ = {
			isa = XCBuildConfiguration;
			buildSettings = {
				ALWAYS_SEARCH_USER_PATHS = NO;
				CLANG_CXX_LANGUAGE_STANDARD = "gnu++0x";
				CLANG_CXX_LIBRARY = "libc++";
				CLANG_ENABLE_MODULES = YES;
				CLANG_ENABLE_OBJC_ARC = YES;
				CLANG_WARN_BOOL_CONVERSION = YES;
				CLANG_WARN_CONSTANT_CONVERSION = YES;
				CLANG_WARN_DIRECT_OBJC_ISA_USAGE = YES_ERROR;
				CLANG_WARN_EMPTY_BODY = YES;
				CLANG_WARN_ENUM_CONVERSION = YES;
				CLANG_WARN_INT_CONVERSION = YES;
				CLANG_WARN_OBJC_ROOT_CLASS = YES_ERROR;
				CLANG_WARN_UNREACHABLE_CODE = YES;
				CLANG_WARN__DUPLICATE_METHOD_MATCH = YES;
				"CODE_SIGN_IDENTITY[sdk=iphoneos*]" = "iPhone Developer";
				COPY_PHASE_STRIP = NO;
				DEBUG_INFORMATION_FORMAT = "dwarf-with-dsym";
				ENABLE_STRICT_OBJC_MSGSEND = YES;
				GCC_C_LANGUAGE_STANDARD = gnu99;
				GCC_DYNAMIC_NO_PIC = NO;
				GCC_NO_COMMON_BLOCKS = YES;
				GCC_OPTIMIZATION_LEVEL = 0;
				GCC_PREPROCESSOR_DEFINITIONS = (
					"DEBUG=1",
					"$(inherited)",
				);
				GCC_SYMBOLS_PRIVATE_EXTERN = NO;
				GCC_WARN_64_TO_32_BIT_CONVERSION = YES;
				GCC_WARN_ABOUT_RETURN_TYPE = YES_ERROR;
				GCC_WARN_UNDECLARED_SELECTOR = YES;
				GCC_WARN_UNINITIALIZED_AUTOS = YES_AGGRESSIVE;
				GCC_WARN_UNUSED_FUNCTION = YES;
				GCC_WARN_UNUSED_VARIABLE = YES;
				IPHONEOS_DEPLOYMENT_TARGET = 8.3;
				MTL_ENABLE_DEBUG_INFO = YES;
				ONLY_ACTIVE_ARCH = YES;
				SDKROOT = iphoneos;
				SWIFT_OPTIMIZATION_LEVEL = "-Onone";
			};
			name = Debug;
		};
		AE1CEA651C5FD118009B23A9 /* Release */ = {
			isa = XCBuildConfiguration;
			buildSettings = {
				ALWAYS_SEARCH_USER_PATHS = NO;
				CLANG_CXX_LANGUAGE_STANDARD = "gnu++0x";
				CLANG_CXX_LIBRARY = "libc++";
				CLANG_ENABLE_MODULES = YES;
				CLANG_ENABLE_OBJC_ARC = YES;
				CLANG_WARN_BOOL_CONVERSION = YES;
				CLANG_WARN_CONSTANT_CONVERSION = YES;
				CLANG_WARN_DIRECT_OBJC_ISA_USAGE = YES_ERROR;
				CLANG_WARN_EMPTY_BODY = YES;
				CLANG_WARN_ENUM_CONVERSION = YES;
				CLANG_WARN_INT_CONVERSION = YES;
				CLANG_WARN_OBJC_ROOT_CLASS = YES_ERROR;
				CLANG_WARN_UNREACHABLE_CODE = YES;
				CLANG_WARN__DUPLICATE_METHOD_MATCH = YES;
				"CODE_SIGN_IDENTITY[sdk=iphoneos*]" = "iPhone Developer";
				COPY_PHASE_STRIP = NO;
				DEBUG_INFORMATION_FORMAT = "dwarf-with-dsym";
				ENABLE_NS_ASSERTIONS = NO;
				ENABLE_STRICT_OBJC_MSGSEND = YES;
				GCC_C_LANGUAGE_STANDARD = gnu99;
				GCC_NO_COMMON_BLOCKS = YES;
				GCC_WARN_64_TO_32_BIT_CONVERSION = YES;
				GCC_WARN_ABOUT_RETURN_TYPE = YES_ERROR;
				GCC_WARN_UNDECLARED_SELECTOR = YES;
				GCC_WARN_UNINITIALIZED_AUTOS = YES_AGGRESSIVE;
				GCC_WARN_UNUSED_FUNCTION = YES;
				GCC_WARN_UNUSED_VARIABLE = YES;
				IPHONEOS_DEPLOYMENT_TARGET = 8.3;
				MTL_ENABLE_DEBUG_INFO = NO;
				SDKROOT = iphoneos;
				VALIDATE_PRODUCT = YES;
			};
			name = Release;
		};
		AE1CEA671C5FD118009B23A9 /* Debug */ = {
			isa = XCBuildConfiguration;
			buildSettings = {
				ASSETCATALOG_COMPILER_APPICON_NAME = AppIcon;
				INFOPLIST_FILE = swiftris/Info.plist;
				LD_RUNPATH_SEARCH_PATHS = "$(inherited) @executable_path/Frameworks";
				PRODUCT_NAME = "$(TARGET_NAME)";
			};
			name = Debug;
		};
		AE1CEA681C5FD118009B23A9 /* Release */ = {
			isa = XCBuildConfiguration;
			buildSettings = {
				ASSETCATALOG_COMPILER_APPICON_NAME = AppIcon;
				INFOPLIST_FILE = swiftris/Info.plist;
				LD_RUNPATH_SEARCH_PATHS = "$(inherited) @executable_path/Frameworks";
				PRODUCT_NAME = "$(TARGET_NAME)";
			};
			name = Release;
		};
		AE1CEA6A1C5FD118009B23A9 /* Debug */ = {
			isa = XCBuildConfiguration;
			buildSettings = {
				BUNDLE_LOADER = "$(TEST_HOST)";
				FRAMEWORK_SEARCH_PATHS = (
					"$(SDKROOT)/Developer/Library/Frameworks",
					"$(inherited)",
				);
				GCC_PREPROCESSOR_DEFINITIONS = (
					"DEBUG=1",
					"$(inherited)",
				);
				INFOPLIST_FILE = swiftrisTests/Info.plist;
				LD_RUNPATH_SEARCH_PATHS = "$(inherited) @executable_path/Frameworks @loader_path/Frameworks";
				PRODUCT_NAME = "$(TARGET_NAME)";
				TEST_HOST = "$(BUILT_PRODUCTS_DIR)/swiftris.app/swiftris";
			};
			name = Debug;
		};
		AE1CEA6B1C5FD118009B23A9 /* Release */ = {
			isa = XCBuildConfiguration;
			buildSettings = {
				BUNDLE_LOADER = "$(TEST_HOST)";
				FRAMEWORK_SEARCH_PATHS = (
					"$(SDKROOT)/Developer/Library/Frameworks",
					"$(inherited)",
				);
				INFOPLIST_FILE = swiftrisTests/Info.plist;
				LD_RUNPATH_SEARCH_PATHS = "$(inherited) @executable_path/Frameworks @loader_path/Frameworks";
				PRODUCT_NAME = "$(TARGET_NAME)";
				TEST_HOST = "$(BUILT_PRODUCTS_DIR)/swiftris.app/swiftris";
			};
			name = Release;
		};
/* End XCBuildConfiguration section */

/* Begin XCConfigurationList section */
		AE1CEA3E1C5FD118009B23A9 /* Build configuration list for PBXProject "swiftris" */ = {
			isa = XCConfigurationList;
			buildConfigurations = (
				AE1CEA641C5FD118009B23A9 /* Debug */,
				AE1CEA651C5FD118009B23A9 /* Release */,
			);
			defaultConfigurationIsVisible = 0;
			defaultConfigurationName = Release;
		};
		AE1CEA661C5FD118009B23A9 /* Build configuration list for PBXNativeTarget "swiftris" */ = {
			isa = XCConfigurationList;
			buildConfigurations = (
				AE1CEA671C5FD118009B23A9 /* Debug */,
				AE1CEA681C5FD118009B23A9 /* Release */,
			);
			defaultConfigurationIsVisible = 0;
		};
		AE1CEA691C5FD118009B23A9 /* Build configuration list for PBXNativeTarget "swiftrisTests" */ = {
			isa = XCConfigurationList;
			buildConfigurations = (
				AE1CEA6A1C5FD118009B23A9 /* Debug */,
				AE1CEA6B1C5FD118009B23A9 /* Release */,
			);
			defaultConfigurationIsVisible = 0;
		};
/* End XCConfigurationList section */
	};
	rootObject = AE1CEA3B1C5FD118009B23A9 /* Project object */;
}
